{
  "name": "GarageAI",
  "lockfileVersion": 3,
  "requires": true,
  "packages": {
    "": {
      "dependencies": {
        "@vapi-ai/cli": "^0.2.1"
      }
    },
    "node_modules/@vapi-ai/cli": {
      "version": "0.2.1",
      "resolved": "https://registry.npmjs.org/@vapi-ai/cli/-/cli-0.2.1.tgz",
      "integrity": "sha512-J8+ACKvzPedFdhIsqH+Nt7knGdbrjZ5q3K1OGUtn/0nVmVnqItofAd0jy+xmLU9Asg0hdQW9q9fFHCYxVxU0YQ==",
      "hasInstallScript": true,
      "license": "MIT",
      "bin": {
        "vapi": "bin/vapi"
      },
      "engines": {
        "node": ">=14.0.0"
      }
    }
  }
}
